
Microsoft Visual Studio Solution File, Format Version 12.00
# Visual Studio 2012
Project("{5DD5E4FA-CB73-4610-85AB-557B54E96AA9}") = "Idea42.NetCore.Templates", "Idea42.NetCore.Templates\Idea42.NetCore.Templates.nuproj", "{C04F7061-1D6F-40D2-87B0-74C225893C1C}"
EndProject
Global
	GlobalSection(SolutionConfigurationPlatforms) = preSolution
		Debug|Any CPU = Debug|Any CPU
		Release|Any CPU = Release|Any CPU
	EndGlobalSection
	GlobalSection(ProjectConfigurationPlatforms) = postSolution
		{C04F7061-1D6F-40D2-87B0-74C225893C1C}.Debug|Any CPU.ActiveCfg = Debug|Any CPU
		{C04F7061-1D6F-40D2-87B0-74C225893C1C}.Debug|Any CPU.Build.0 = Debug|Any CPU
		{C04F7061-1D6F-40D2-87B0-74C225893C1C}.Release|Any CPU.ActiveCfg = Release|Any CPU
		{C04F7061-1D6F-40D2-87B0-74C225893C1C}.Release|Any CPU.Build.0 = Release|Any CPU
	EndGlobalSection
EndGlobal
